// !$*UTF8*$!
{
	archiveVersion = 1;
	classes = {
	};
	objectVersion = 77;
	objects = {

/* Begin PBXBuildFile section */
		1CFFB591A636E2DAA1581F3D /* Pods_MyPill_MyPillUITests.framework in Frameworks */ = {isa = PBXBuildFile; fileRef = 8AC12735C36658A5EF45919D /* Pods_MyPill_MyPillUITests.framework */; };
		C58D0C2506D649A3BB292C16 /* Pods_MyPillTests.framework in Frameworks */ = {isa = PBXBuildFile; fileRef = 9C1A1B4C1FB64E37903F27FA /* Pods_MyPillTests.framework */; };
		F828E1712F6A5B7300C95259 /* WidgetKit.framework in Frameworks */ = {isa = PBXBuildFile; fileRef = F828E1702F6A5B7300C95259 /* WidgetKit.framework */; };
		F828E1732F6A5B7300C95259 /* SwiftUI.framework in Frameworks */ = {isa = PBXBuildFile; fileRef = F828E1722F6A5B7300C95259 /* SwiftUI.framework */; };
		F828E1842F6A5B7500C95259 /* MyPillWidgetExtension.appex in Embed Foundation Extensions */ = {isa = PBXBuildFile; fileRef = F828E16F2F6A5B7300C95259 /* MyPillWidgetExtension.appex */; settings = {ATTRIBUTES = (RemoveHeadersOnCopy, ); }; };
		F8A006F62E53256B008D94DD /* GoogleSignIn in Frameworks */ = {isa = PBXBuildFile; productRef = F8A006F52E53256B008D94DD /* GoogleSignIn */; };
		F8A006F82E53256B008D94DD /* GoogleSignInSwift in Frameworks */ = {isa = PBXBuildFile; productRef = F8A006F72E53256B008D94DD /* GoogleSignInSwift */; };
		F8E218152E4B60FD002F6C8F /* FirebaseAuth in Frameworks */ = {isa = PBXBuildFile; productRef = F8E218142E4B60FD002F6C8F /* FirebaseAuth */; };
		F8E218172E4B60FD002F6C8F /* FirebaseCore in Frameworks */ = {isa = PBXBuildFile; productRef = F8E218162E4B60FD002F6C8F /* FirebaseCore */; };
		F8EC219C2F861FEB00A25135 /* MyDisclosureStyle.swift in Sources */ = {isa = PBXBuildFile; fileRef = F8EC21702F861FEB00A25135 /* MyDisclosureStyle.swift */; };
		F8EC219D2F861FEB00A25135 /* CalendarViewModel.swift in Sources */ = {isa = PBXBuildFile; fileRef = F8EC218E2F861FEB00A25135 /* CalendarViewModel.swift */; };
		F8EC219E2F861FEB00A25135 /* MyPillApp.swift in Sources */ = {isa = PBXBuildFile; fileRef = F8EC21992F861FEB00A25135 /* MyPillApp.swift */; };
		F8EC219F2F861FEB00A25135 /* CalendarBody.swift in Sources */ = {isa = PBXBuildFile; fileRef = F8EC21782F861FEB00A25135 /* CalendarBody.swift */; };
		F8EC21A02F861FEB00A25135 /* LoginView.swift in Sources */ = {isa = PBXBuildFile; fileRef = F8EC21832F861FEB00A25135 /* LoginView.swift */; };
		F8EC21A12F861FEB00A25135 /* SchedulesIconView.swift in Sources */ = {isa = PBXBuildFile; fileRef = F8EC21872F861FEB00A25135 /* SchedulesIconView.swift */; };
		F8EC21A22F861FEB00A25135 /* ScheduleDetailView.swift in Sources */ = {isa = PBXBuildFile; fileRef = F8EC21892F861FEB00A25135 /* ScheduleDetailView.swift */; };
		F8EC21A32F861FEB00A25135 /* CalendarHeader.swift in Sources */ = {isa = PBXBuildFile; fileRef = F8EC21792F861FEB00A25135 /* CalendarHeader.swift */; };
		F8EC21A42F861FEB00A25135 /* CalendarView.swift in Sources */ = {isa = PBXBuildFile; fileRef = F8EC217A2F861FEB00A25135 /* CalendarView.swift */; };
		F8EC21A52F861FEB00A25135 /* NotificationManager.swift in Sources */ = {isa = PBXBuildFile; fileRef = F8EC21712F861FEB00A25135 /* NotificationManager.swift */; };
		F8EC21A62F861FEB00A25135 /* StatsViewModel.swift in Sources */ = {isa = PBXBuildFile; fileRef = F8EC21912F861FEB00A25135 /* StatsViewModel.swift */; };
		F8EC21A72F861FEB00A25135 /* MainTabView.swift in Sources */ = {isa = PBXBuildFile; fileRef = F8EC217F2F861FEB00A25135 /* MainTabView.swift */; };
		F8EC21A82F861FEB00A25135 /* MyMedicine.swift in Sources */ = {isa = PBXBuildFile; fileRef = F8EC21852F861FEB00A25135 /* MyMedicine.swift */; };
		F8EC21A92F861FEB00A25135 /* ContentView.swift in Sources */ = {isa = PBXBuildFile; fileRef = F8EC217D2F861FEB00A25135 /* ContentView.swift */; };
		F8EC21AA2F861FEB00A25135 /* SettingsView.swift in Sources */ = {isa = PBXBuildFile; fileRef = F8EC21762F861FEB00A25135 /* SettingsView.swift */; };
		F8EC21AB2F861FEB00A25135 /* AuthViewModel.swift in Sources */ = {isa = PBXBuildFile; fileRef = F8EC218D2F861FEB00A25135 /* AuthViewModel.swift */; };
		F8EC21AC2F861FEB00A25135 /* ColorManager.swift in Sources */ = {isa = PBXBuildFile; fileRef = F8EC216F2F861FEB00A25135 /* ColorManager.swift */; };
		F8EC21AD2F861FEB00A25135 /* User.swift in Sources */ = {isa = PBXBuildFile; fileRef = F8EC21742F861FEB00A25135 /* User.swift */; };
		F8EC21AE2F861FEB00A25135 /* Schedule.swift in Sources */ = {isa = PBXBuildFile; fileRef = F8EC21732F861FEB00A25135 /* Schedule.swift */; };
		F8EC21AF2F861FEB00A25135 /* TextHeader.swift in Sources */ = {isa = PBXBuildFile; fileRef = F8EC21812F861FEB00A25135 /* TextHeader.swift */; };
		F8EC21B02F861FEB00A25135 /* HomeView.swift in Sources */ = {isa = PBXBuildFile; fileRef = F8EC217E2F861FEB00A25135 /* HomeView.swift */; };
		F8EC21B12F861FEB00A25135 /* CalendarYearMonth.swift in Sources */ = {isa = PBXBuildFile; fileRef = F8EC217B2F861FEB00A25135 /* CalendarYearMonth.swift */; };
		F8EC21B22F861FEB00A25135 /* SharedStore.swift in Sources */ = {isa = PBXBuildFile; fileRef = F8EC21932F861FEB00A25135 /* SharedStore.swift */; };
		F8EC21B32F861FEB00A25135 /* StatsView.swift in Sources */ = {isa = PBXBuildFile; fileRef = F8EC21802F861FEB00A25135 /* StatsView.swift */; };
		F8EC21B42F861FEB00A25135 /* GoogleOAuthViewModel.swift in Sources */ = {isa = PBXBuildFile; fileRef = F8EC218F2F861FEB00A25135 /* GoogleOAuthViewModel.swift */; };
		F8EC21B52F861FEB00A25135 /* SchedulesViewModel.swift in Sources */ = {isa = PBXBuildFile; fileRef = F8EC21902F861FEB00A25135 /* SchedulesViewModel.swift */; };
		F8EC21B62F861FEB00A25135 /* ScheduleAddView.swift in Sources */ = {isa = PBXBuildFile; fileRef = F8EC21862F861FEB00A25135 /* ScheduleAddView.swift */; };
		F8EC21B72F861FEB00A25135 /* TimelineView.swift in Sources */ = {isa = PBXBuildFile; fileRef = F8EC218A2F861FEB00A25135 /* TimelineView.swift */; };
		F8EC21B82F861FEB00A25135 /* Assets.xcassets in Resources */ = {isa = PBXBuildFile; fileRef = F8EC21952F861FEB00A25135 /* Assets.xcassets */; };
		F8EC21B92F861FEB00A25135 /* BMJUA.ttf in Resources */ = {isa = PBXBuildFile; fileRef = F8EC216C2F861FEB00A25135 /* BMJUA.ttf */; };
		F8EC21BA2F861FEB00A25135 /* README.md in Resources */ = {isa = PBXBuildFile; fileRef = F8EC219A2F861FEB00A25135 /* README.md */; };
		F8EC21BB2F861FEB00A25135 /* 나눔손글씨 맛있는체.ttf in Resources */ = {isa = PBXBuildFile; fileRef = F8EC216A2F861FEB00A25135 /* 나눔손글씨 맛있는체.ttf */; };
		F8EC21BC2F861FEB00A25135 /* Cafe24Dongdong.ttf in Resources */ = {isa = PBXBuildFile; fileRef = F8EC216D2F861FEB00A25135 /* Cafe24Dongdong.ttf */; };
		F8EC21BD2F861FEB00A25135 /* GoogleService-Info.plist in Resources */ = {isa = PBXBuildFile; fileRef = F8EC21962F861FEB00A25135 /* GoogleService-Info.plist */; };
		F8EC21BF2F861FEB00A25135 /* 나눔손글씨 꽃내음.ttf in Resources */ = {isa = PBXBuildFile; fileRef = F8EC21692F861FEB00A25135 /* 나눔손글씨 꽃내음.ttf */; };
		F8EC21C02F861FEB00A25135 /* BMJA.otf in Resources */ = {isa = PBXBuildFile; fileRef = F8EC216B2F861FEB00A25135 /* BMJA.otf */; };
		F8EC21C32F86202600A25135 /* MyPillTests.swift in Sources */ = {isa = PBXBuildFile; fileRef = F8EC21C12F86202600A25135 /* MyPillTests.swift */; };
		F8EC21C72F86203E00A25135 /* MyPillUITestsLaunchTests.swift in Sources */ = {isa = PBXBuildFile; fileRef = F8EC21C52F86203E00A25135 /* MyPillUITestsLaunchTests.swift */; };
		F8EC21C82F86203E00A25135 /* MyPillUITests.swift in Sources */ = {isa = PBXBuildFile; fileRef = F8EC21C42F86203E00A25135 /* MyPillUITests.swift */; };
		F8EC21D12F86205900A25135 /* Assets.xcassets in Resources */ = {isa = PBXBuildFile; fileRef = F8EC21CA2F86205900A25135 /* Assets.xcassets */; };
		F8EC21D32F86205900A25135 /* MyPillWidgetBundle.swift in Sources */ = {isa = PBXBuildFile; fileRef = F8EC21CD2F86205900A25135 /* MyPillWidgetBundle.swift */; };
		F8EC21D42F86205900A25135 /* MyPillWidgetLiveActivity.swift in Sources */ = {isa = PBXBuildFile; fileRef = F8EC21CF2F86205900A25135 /* MyPillWidgetLiveActivity.swift */; };
		F8EC21D52F86205900A25135 /* MyPillWidgetControl.swift in Sources */ = {isa = PBXBuildFile; fileRef = F8EC21CE2F86205900A25135 /* MyPillWidgetControl.swift */; };
		F8EC21D62F86205900A25135 /* AppIntent.swift in Sources */ = {isa = PBXBuildFile; fileRef = F8EC21C92F86205900A25135 /* AppIntent.swift */; };
		F8EC21D72F86205900A25135 /* MyPillWidget.swift in Sources */ = {isa = PBXBuildFile; fileRef = F8EC21CC2F86205900A25135 /* MyPillWidget.swift */; };
/* End PBXBuildFile section */

/* Begin PBXContainerItemProxy section */
		F828E1822F6A5B7500C95259 /* PBXContainerItemProxy */ = {
			isa = PBXContainerItemProxy;
			containerPortal = F8E217A72E4B59BF002F6C8F /* Project object */;
			proxyType = 1;
			remoteGlobalIDString = F828E16E2F6A5B7300C95259;
			remoteInfo = MyPillWidgetExtension;
		};
		F8E217BD2E4B59C1002F6C8F /* PBXContainerItemProxy */ = {
			isa = PBXContainerItemProxy;
			containerPortal = F8E217A72E4B59BF002F6C8F /* Project object */;
			proxyType = 1;
			remoteGlobalIDString = F8E217AE2E4B59BF002F6C8F;
			remoteInfo = MyPill;
		};
		F8E217C72E4B59C1002F6C8F /* PBXContainerItemProxy */ = {
			isa = PBXContainerItemProxy;
			containerPortal = F8E217A72E4B59BF002F6C8F /* Project object */;
			proxyType = 1;
			remoteGlobalIDString = F8E217AE2E4B59BF002F6C8F;
			remoteInfo = MyPill;
		};
/* End PBXContainerItemProxy section */

/* Begin PBXCopyFilesBuildPhase section */
		F828E1892F6A5B7500C95259 /* Embed Foundation Extensions */ = {
			isa = PBXCopyFilesBuildPhase;
			buildActionMask = 2147483647;
			dstPath = "";
			dstSubfolderSpec = 13;
			files = (
				F828E1842F6A5B7500C95259 /* MyPillWidgetExtension.appex in Embed Foundation Extensions */,
			);
			name = "Embed Foundation Extensions";
			runOnlyForDeploymentPostprocessing = 0;
		};
/* End PBXCopyFilesBuildPhase section */

/* Begin PBXFileReference section */
		44AD4FE9079059BF37DE9500 /* Pods-MyPill.debug.xcconfig */ = {isa = PBXFileReference; includeInIndex = 1; lastKnownFileType = text.xcconfig; name = "Pods-MyPill.debug.xcconfig"; path = "Target Support Files/Pods-MyPill/Pods-MyPill.debug.xcconfig"; sourceTree = "<group>"; };
		69D1FE3042D561AF4485281A /* Pods-MyPillTests.debug.xcconfig */ = {isa = PBXFileReference; includeInIndex = 1; lastKnownFileType = text.xcconfig; name = "Pods-MyPillTests.debug.xcconfig"; path = "Target Support Files/Pods-MyPillTests/Pods-MyPillTests.debug.xcconfig"; sourceTree = "<group>"; };
		87DCA76CCBB99D17D38D76EF /* Pods-MyPillTests.release.xcconfig */ = {isa = PBXFileReference; includeInIndex = 1; lastKnownFileType = text.xcconfig; name = "Pods-MyPillTests.release.xcconfig"; path = "Target Support Files/Pods-MyPillTests/Pods-MyPillTests.release.xcconfig"; sourceTree = "<group>"; };
		8AC12735C36658A5EF45919D /* Pods_MyPill_MyPillUITests.framework */ = {isa = PBXFileReference; explicitFileType = wrapper.framework; includeInIndex = 0; path = Pods_MyPill_MyPillUITests.framework; sourceTree = BUILT_PRODUCTS_DIR; };
		93200F6668E2DB86CBFDD3B0 /* Pods_MyPill.framework */ = {isa = PBXFileReference; explicitFileType = wrapper.framework; includeInIndex = 0; path = Pods_MyPill.framework; sourceTree = BUILT_PRODUCTS_DIR; };
		9C1A1B4C1FB64E37903F27FA /* Pods_MyPillTests.framework */ = {isa = PBXFileReference; explicitFileType = wrapper.framework; includeInIndex = 0; path = Pods_MyPillTests.framework; sourceTree = BUILT_PRODUCTS_DIR; };
		E9A391A133C0848C447A9662 /* Pods-MyPill-MyPillUITests.debug.xcconfig */ = {isa = PBXFileReference; includeInIndex = 1; lastKnownFileType = text.xcconfig; name = "Pods-MyPill-MyPillUITests.debug.xcconfig"; path = "Target Support Files/Pods-MyPill-MyPillUITests/Pods-MyPill-MyPillUITests.debug.xcconfig"; sourceTree = "<group>"; };
		ED571B0A70A85BB3CDDB3E50 /* Pods-MyPill-MyPillUITests.release.xcconfig */ = {isa = PBXFileReference; includeInIndex = 1; lastKnownFileType = text.xcconfig; name = "Pods-MyPill-MyPillUITests.release.xcconfig"; path = "Target Support Files/Pods-MyPill-MyPillUITests/Pods-MyPill-MyPillUITests.release.xcconfig"; sourceTree = "<group>"; };
		F828E16F2F6A5B7300C95259 /* MyPillWidgetExtension.appex */ = {isa = PBXFileReference; explicitFileType = "wrapper.app-extension"; includeInIndex = 0; path = MyPillWidgetExtension.appex; sourceTree = BUILT_PRODUCTS_DIR; };
		F828E1702F6A5B7300C95259 /* WidgetKit.framework */ = {isa = PBXFileReference; lastKnownFileType = wrapper.framework; name = WidgetKit.framework; path = System/Library/Frameworks/WidgetKit.framework; sourceTree = SDKROOT; };
		F828E1722F6A5B7300C95259 /* SwiftUI.framework */ = {isa = PBXFileReference; lastKnownFileType = wrapper.framework; name = SwiftUI.framework; path = System/Library/Frameworks/SwiftUI.framework; sourceTree = SDKROOT; };
		F8E217AF2E4B59BF002F6C8F /* MyPill.app */ = {isa = PBXFileReference; explicitFileType = wrapper.application; includeInIndex = 0; path = MyPill.app; sourceTree = BUILT_PRODUCTS_DIR; };
		F8E217BC2E4B59C1002F6C8F /* MyPillTests.xctest */ = {isa = PBXFileReference; explicitFileType = wrapper.cfbundle; includeInIndex = 0; path = MyPillTests.xctest; sourceTree = BUILT_PRODUCTS_DIR; };
		F8E217C62E4B59C1002F6C8F /* MyPillUITests.xctest */ = {isa = PBXFileReference; explicitFileType = wrapper.cfbundle; includeInIndex = 0; path = MyPillUITests.xctest; sourceTree = BUILT_PRODUCTS_DIR; };
		F8EC21692F861FEB00A25135 /* 나눔손글씨 꽃내음.ttf */ = {isa = PBXFileReference; lastKnownFileType = file; path = "나눔손글씨 꽃내음.ttf"; sourceTree = "<group>"; };
		F8EC216A2F861FEB00A25135 /* 나눔손글씨 맛있는체.ttf */ = {isa = PBXFileReference; lastKnownFileType = file; path = "나눔손글씨 맛있는체.ttf"; sourceTree = "<group>"; };
		F8EC216B2F861FEB00A25135 /* BMJA.otf */ = {isa = PBXFileReference; lastKnownFileType = file; path = BMJA.otf; sourceTree = "<group>"; };
		F8EC216C2F861FEB00A25135 /* BMJUA.ttf */ = {isa = PBXFileReference; lastKnownFileType = file; path = BMJUA.ttf; sourceTree = "<group>"; };
		F8EC216D2F861FEB00A25135 /* Cafe24Dongdong.ttf */ = {isa = PBXFileReference; lastKnownFileType = file; path = Cafe24Dongdong.ttf; sourceTree = "<group>"; };
		F8EC216F2F861FEB00A25135 /* ColorManager.swift */ = {isa = PBXFileReference; lastKnownFileType = sourcecode.swift; path = ColorManager.swift; sourceTree = "<group>"; };
		F8EC21702F861FEB00A25135 /* MyDisclosureStyle.swift */ = {isa = PBXFileReference; lastKnownFileType = sourcecode.swift; path = MyDisclosureStyle.swift; sourceTree = "<group>"; };
		F8EC21712F861FEB00A25135 /* NotificationManager.swift */ = {isa = PBXFileReference; lastKnownFileType = sourcecode.swift; path = NotificationManager.swift; sourceTree = "<group>"; };
		F8EC21732F861FEB00A25135 /* Schedule.swift */ = {isa = PBXFileReference; lastKnownFileType = sourcecode.swift; path = Schedule.swift; sourceTree = "<group>"; };
		F8EC21742F861FEB00A25135 /* User.swift */ = {isa = PBXFileReference; lastKnownFileType = sourcecode.swift; path = User.swift; sourceTree = "<group>"; };
		F8EC21762F861FEB00A25135 /* SettingsView.swift */ = {isa = PBXFileReference; lastKnownFileType = sourcecode.swift; path = SettingsView.swift; sourceTree = "<group>"; };
		F8EC21782F861FEB00A25135 /* CalendarBody.swift */ = {isa = PBXFileReference; lastKnownFileType = sourcecode.swift; path = CalendarBody.swift; sourceTree = "<group>"; };
		F8EC21792F861FEB00A25135 /* CalendarHeader.swift */ = {isa = PBXFileReference; lastKnownFileType = sourcecode.swift; path = CalendarHeader.swift; sourceTree = "<group>"; };
		F8EC217A2F861FEB00A25135 /* CalendarView.swift */ = {isa = PBXFileReference; lastKnownFileType = sourcecode.swift; path = CalendarView.swift; sourceTree = "<group>"; };
		F8EC217B2F861FEB00A25135 /* CalendarYearMonth.swift */ = {isa = PBXFileReference; lastKnownFileType = sourcecode.swift; path = CalendarYearMonth.swift; sourceTree = "<group>"; };
		F8EC217D2F861FEB00A25135 /* ContentView.swift */ = {isa = PBXFileReference; lastKnownFileType = sourcecode.swift; path = ContentView.swift; sourceTree = "<group>"; };
		F8EC217E2F861FEB00A25135 /* HomeView.swift */ = {isa = PBXFileReference; lastKnownFileType = sourcecode.swift; path = HomeView.swift; sourceTree = "<group>"; };
		F8EC217F2F861FEB00A25135 /* MainTabView.swift */ = {isa = PBXFileReference; lastKnownFileType = sourcecode.swift; path = MainTabView.swift; sourceTree = "<group>"; };
		F8EC21802F861FEB00A25135 /* StatsView.swift */ = {isa = PBXFileReference; lastKnownFileType = sourcecode.swift; path = StatsView.swift; sourceTree = "<group>"; };
		F8EC21812F861FEB00A25135 /* TextHeader.swift */ = {isa = PBXFileReference; lastKnownFileType = sourcecode.swift; path = TextHeader.swift; sourceTree = "<group>"; };
		F8EC21832F861FEB00A25135 /* LoginView.swift */ = {isa = PBXFileReference; lastKnownFileType = sourcecode.swift; path = LoginView.swift; sourceTree = "<group>"; };
		F8EC21852F861FEB00A25135 /* MyMedicine.swift */ = {isa = PBXFileReference; lastKnownFileType = sourcecode.swift; path = MyMedicine.swift; sourceTree = "<group>"; };
		F8EC21862F861FEB00A25135 /* ScheduleAddView.swift */ = {isa = PBXFileReference; lastKnownFileType = sourcecode.swift; path = ScheduleAddView.swift; sourceTree = "<group>"; };
		F8EC21872F861FEB00A25135 /* SchedulesIconView.swift */ = {isa = PBXFileReference; lastKnownFileType = sourcecode.swift; path = SchedulesIconView.swift; sourceTree = "<group>"; };
		F8EC21892F861FEB00A25135 /* ScheduleDetailView.swift */ = {isa = PBXFileReference; lastKnownFileType = sourcecode.swift; path = ScheduleDetailView.swift; sourceTree = "<group>"; };
		F8EC218A2F861FEB00A25135 /* TimelineView.swift */ = {isa = PBXFileReference; lastKnownFileType = sourcecode.swift; path = TimelineView.swift; sourceTree = "<group>"; };
		F8EC218D2F861FEB00A25135 /* AuthViewModel.swift */ = {isa = PBXFileReference; lastKnownFileType = sourcecode.swift; path = AuthViewModel.swift; sourceTree = "<group>"; };
		F8EC218E2F861FEB00A25135 /* CalendarViewModel.swift */ = {isa = PBXFileReference; lastKnownFileType = sourcecode.swift; path = CalendarViewModel.swift; sourceTree = "<group>"; };
		F8EC218F2F861FEB00A25135 /* GoogleOAuthViewModel.swift */ = {isa = PBXFileReference; lastKnownFileType = sourcecode.swift; path = GoogleOAuthViewModel.swift; sourceTree = "<group>"; };
		F8EC21902F861FEB00A25135 /* SchedulesViewModel.swift */ = {isa = PBXFileReference; lastKnownFileType = sourcecode.swift; path = SchedulesViewModel.swift; sourceTree = "<group>"; };
		F8EC21912F861FEB00A25135 /* StatsViewModel.swift */ = {isa = PBXFileReference; lastKnownFileType = sourcecode.swift; path = StatsViewModel.swift; sourceTree = "<group>"; };
		F8EC21932F861FEB00A25135 /* SharedStore.swift */ = {isa = PBXFileReference; lastKnownFileType = sourcecode.swift; path = SharedStore.swift; sourceTree = "<group>"; };
		F8EC21952F861FEB00A25135 /* Assets.xcassets */ = {isa = PBXFileReference; lastKnownFileType = folder.assetcatalog; path = Assets.xcassets; sourceTree = "<group>"; };
		F8EC21962F861FEB00A25135 /* GoogleService-Info.plist */ = {isa = PBXFileReference; lastKnownFileType = text.plist.xml; path = "GoogleService-Info.plist"; sourceTree = "<group>"; };
		F8EC21972F861FEB00A25135 /* Info.plist */ = {isa = PBXFileReference; lastKnownFileType = text.plist; path = Info.plist; sourceTree = "<group>"; };
		F8EC21982F861FEB00A25135 /* MyPill.entitlements */ = {isa = PBXFileReference; lastKnownFileType = text.plist.entitlements; path = MyPill.entitlements; sourceTree = "<group>"; };
		F8EC21992F861FEB00A25135 /* MyPillApp.swift */ = {isa = PBXFileReference; lastKnownFileType = sourcecode.swift; path = MyPillApp.swift; sourceTree = "<group>"; };
		F8EC219A2F861FEB00A25135 /* README.md */ = {isa = PBXFileReference; lastKnownFileType = net.daringfireball.markdown; path = README.md; sourceTree = "<group>"; };
		F8EC21C12F86202600A25135 /* MyPillTests.swift */ = {isa = PBXFileReference; lastKnownFileType = sourcecode.swift; path = MyPillTests.swift; sourceTree = "<group>"; };
		F8EC21C42F86203E00A25135 /* MyPillUITests.swift */ = {isa = PBXFileReference; lastKnownFileType = sourcecode.swift; path = MyPillUITests.swift; sourceTree = "<group>"; };
		F8EC21C52F86203E00A25135 /* MyPillUITestsLaunchTests.swift */ = {isa = PBXFileReference; lastKnownFileType = sourcecode.swift; path = MyPillUITestsLaunchTests.swift; sourceTree = "<group>"; };
		F8EC21C92F86205900A25135 /* AppIntent.swift */ = {isa = PBXFileReference; lastKnownFileType = sourcecode.swift; path = AppIntent.swift; sourceTree = "<group>"; };
		F8EC21CA2F86205900A25135 /* Assets.xcassets */ = {isa = PBXFileReference; lastKnownFileType = folder.assetcatalog; path = Assets.xcassets; sourceTree = "<group>"; };
		F8EC21CC2F86205900A25135 /* MyPillWidget.swift */ = {isa = PBXFileReference; lastKnownFileType = sourcecode.swift; path = MyPillWidget.swift; sourceTree = "<group>"; };
		F8EC21CD2F86205900A25135 /* MyPillWidgetBundle.swift */ = {isa = PBXFileReference; lastKnownFileType = sourcecode.swift; path = MyPillWidgetBundle.swift; sourceTree = "<group>"; };
		F8EC21CE2F86205900A25135 /* MyPillWidgetControl.swift */ = {isa = PBXFileReference; lastKnownFileType = sourcecode.swift; path = MyPillWidgetControl.swift; sourceTree = "<group>"; };
		F8EC21CF2F86205900A25135 /* MyPillWidgetLiveActivity.swift */ = {isa = PBXFileReference; lastKnownFileType = sourcecode.swift; path = MyPillWidgetLiveActivity.swift; sourceTree = "<group>"; };
		FF469DD7343ED20A59AA6B86 /* Pods-MyPill.release.xcconfig */ = {isa = PBXFileReference; includeInIndex = 1; lastKnownFileType = text.xcconfig; name = "Pods-MyPill.release.xcconfig"; path = "Target Support Files/Pods-MyPill/Pods-MyPill.release.xcconfig"; sourceTree = "<group>"; };
/* End PBXFileReference section */

/* Begin PBXFrameworksBuildPhase section */
		F828E16C2F6A5B7300C95259 /* Frameworks */ = {
			isa = PBXFrameworksBuildPhase;
			buildActionMask = 2147483647;
			files = (
				F828E1732F6A5B7300C95259 /* SwiftUI.framework in Frameworks */,
				F828E1712F6A5B7300C95259 /* WidgetKit.framework in Frameworks */,
			);
			runOnlyForDeploymentPostprocessing = 0;
		};
		F8E217AC2E4B59BF002F6C8F /* Frameworks */ = {
			isa = PBXFrameworksBuildPhase;
			buildActionMask = 2147483647;
			files = (
				F8E218172E4B60FD002F6C8F /* FirebaseCore in Frameworks */,
				F8E218152E4B60FD002F6C8F /* FirebaseAuth in Frameworks */,
				F8A006F62E53256B008D94DD /* GoogleSignIn in Frameworks */,
				F8A006F82E53256B008D94DD /* GoogleSignInSwift in Frameworks */,
			);
			runOnlyForDeploymentPostprocessing = 0;
		};
		F8E217B92E4B59C1002F6C8F /* Frameworks */ = {
			isa = PBXFrameworksBuildPhase;
			buildActionMask = 2147483647;
			files = (
				C58D0C2506D649A3BB292C16 /* Pods_MyPillTests.framework in Frameworks */,
			);
			runOnlyForDeploymentPostprocessing = 0;
		};
		F8E217C32E4B59C1002F6C8F /* Frameworks */ = {
			isa = PBXFrameworksBuildPhase;
			buildActionMask = 2147483647;
			files = (
				1CFFB591A636E2DAA1581F3D /* Pods_MyPill_MyPillUITests.framework in Frameworks */,
			);
			runOnlyForDeploymentPostprocessing = 0;
		};
/* End PBXFrameworksBuildPhase section */

/* Begin PBXGroup section */
		6DCDC5944F04D011A8B6D822 /* Pods */ = {
			isa = PBXGroup;
			children = (
				44AD4FE9079059BF37DE9500 /* Pods-MyPill.debug.xcconfig */,
				FF469DD7343ED20A59AA6B86 /* Pods-MyPill.release.xcconfig */,
				E9A391A133C0848C447A9662 /* Pods-MyPill-MyPillUITests.debug.xcconfig */,
				ED571B0A70A85BB3CDDB3E50 /* Pods-MyPill-MyPillUITests.release.xcconfig */,
				69D1FE3042D561AF4485281A /* Pods-MyPillTests.debug.xcconfig */,
				87DCA76CCBB99D17D38D76EF /* Pods-MyPillTests.release.xcconfig */,
			);
			path = Pods;
			sourceTree = "<group>";
		};
		99FEC8BE86DA3530D0628846 /* Frameworks */ = {
			isa = PBXGroup;
			children = (
				F828E1702F6A5B7300C95259 /* WidgetKit.framework */,
				F828E1722F6A5B7300C95259 /* SwiftUI.framework */,
				93200F6668E2DB86CBFDD3B0 /* Pods_MyPill.framework */,
				8AC12735C36658A5EF45919D /* Pods_MyPill_MyPillUITests.framework */,
				9C1A1B4C1FB64E37903F27FA /* Pods_MyPillTests.framework */,
			);
			name = Frameworks;
			sourceTree = "<group>";
		};
		F8E217A62E4B59BF002F6C8F = {
			isa = PBXGroup;
			children = (
				F8EC219B2F861FEB00A25135 /* MyPill */,
				F8EC21D02F86205900A25135 /* MyPillWidget */,
				F8EC21C22F86202600A25135 /* MyPillTests */,
				F8EC21C62F86203E00A25135 /* MyPillUITests */,
				F8E217B02E4B59BF002F6C8F /* Products */,
				6DCDC5944F04D011A8B6D822 /* Pods */,
				99FEC8BE86DA3530D0628846 /* Frameworks */,
			);
			sourceTree = "<group>";
		};
		F8E217B02E4B59BF002F6C8F /* Products */ = {
			isa = PBXGroup;
			children = (
				F8E217AF2E4B59BF002F6C8F /* MyPill.app */,
				F8E217BC2E4B59C1002F6C8F /* MyPillTests.xctest */,
				F8E217C62E4B59C1002F6C8F /* MyPillUITests.xctest */,
				F828E16F2F6A5B7300C95259 /* MyPillWidgetExtension.appex */,
			);
			name = Products;
			sourceTree = "<group>";
		};
		F8EC216E2F861FEB00A25135 /* Font */ = {
			isa = PBXGroup;
			children = (
				F8EC21692F861FEB00A25135 /* 나눔손글씨 꽃내음.ttf */,
				F8EC216A2F861FEB00A25135 /* 나눔손글씨 맛있는체.ttf */,
				F8EC216B2F861FEB00A25135 /* BMJA.otf */,
				F8EC216C2F861FEB00A25135 /* BMJUA.ttf */,
				F8EC216D2F861FEB00A25135 /* Cafe24Dongdong.ttf */,
			);
			path = Font;
			sourceTree = "<group>";
		};
		F8EC21722F861FEB00A25135 /* Manager */ = {
			isa = PBXGroup;
			children = (
				F8EC216F2F861FEB00A25135 /* ColorManager.swift */,
				F8EC21702F861FEB00A25135 /* MyDisclosureStyle.swift */,
				F8EC21712F861FEB00A25135 /* NotificationManager.swift */,
			);
			path = Manager;
			sourceTree = "<group>";
		};
		F8EC21752F861FEB00A25135 /* Model */ = {
			isa = PBXGroup;
			children = (
				F8EC21732F861FEB00A25135 /* Schedule.swift */,
				F8EC21742F861FEB00A25135 /* User.swift */,
			);
			path = Model;
			sourceTree = "<group>";
		};
		F8EC21772F861FEB00A25135 /* Settings */ = {
			isa = PBXGroup;
			children = (
				F8EC21762F861FEB00A25135 /* SettingsView.swift */,
			);
			path = Settings;
			sourceTree = "<group>";
		};
		F8EC217C2F861FEB00A25135 /* Calendar */ = {
			isa = PBXGroup;
			children = (
				F8EC21782F861FEB00A25135 /* CalendarBody.swift */,
				F8EC21792F861FEB00A25135 /* CalendarHeader.swift */,
				F8EC217A2F861FEB00A25135 /* CalendarView.swift */,
				F8EC217B2F861FEB00A25135 /* CalendarYearMonth.swift */,
			);
			path = Calendar;
			sourceTree = "<group>";
		};
		F8EC21822F861FEB00A25135 /* Home */ = {
			isa = PBXGroup;
			children = (
				F8EC217D2F861FEB00A25135 /* ContentView.swift */,
				F8EC217E2F861FEB00A25135 /* HomeView.swift */,
				F8EC217F2F861FEB00A25135 /* MainTabView.swift */,
				F8EC21802F861FEB00A25135 /* StatsView.swift */,
				F8EC21812F861FEB00A25135 /* TextHeader.swift */,
			);
			path = Home;
			sourceTree = "<group>";
		};
		F8EC21842F861FEB00A25135 /* LogIn */ = {
			isa = PBXGroup;
			children = (
				F8EC21832F861FEB00A25135 /* LoginView.swift */,
			);
			path = LogIn;
			sourceTree = "<group>";
		};
		F8EC21882F861FEB00A25135 /* MyMedicines */ = {
			isa = PBXGroup;
			children = (
				F8EC21852F861FEB00A25135 /* MyMedicine.swift */,
				F8EC21862F861FEB00A25135 /* ScheduleAddView.swift */,
				F8EC21872F861FEB00A25135 /* SchedulesIconView.swift */,
			);
			path = MyMedicines;
			sourceTree = "<group>";
		};
		F8EC218B2F861FEB00A25135 /* Schedules */ = {
			isa = PBXGroup;
			children = (
				F8EC21892F861FEB00A25135 /* ScheduleDetailView.swift */,
				F8EC218A2F861FEB00A25135 /* TimelineView.swift */,
			);
			path = Schedules;
			sourceTree = "<group>";
		};
		F8EC218C2F861FEB00A25135 /* View */ = {
			isa = PBXGroup;
			children = (
				F8EC217C2F861FEB00A25135 /* Calendar */,
				F8EC21822F861FEB00A25135 /* Home */,
				F8EC21842F861FEB00A25135 /* LogIn */,
				F8EC21882F861FEB00A25135 /* MyMedicines */,
				F8EC218B2F861FEB00A25135 /* Schedules */,
			);
			path = View;
			sourceTree = "<group>";
		};
		F8EC21922F861FEB00A25135 /* ViewModel */ = {
			isa = PBXGroup;
			children = (
				F8EC218D2F861FEB00A25135 /* AuthViewModel.swift */,
				F8EC218E2F861FEB00A25135 /* CalendarViewModel.swift */,
				F8EC218F2F861FEB00A25135 /* GoogleOAuthViewModel.swift */,
				F8EC21902F861FEB00A25135 /* SchedulesViewModel.swift */,
				F8EC21912F861FEB00A25135 /* StatsViewModel.swift */,
			);
			path = ViewModel;
			sourceTree = "<group>";
		};
		F8EC21942F861FEB00A25135 /* Widget */ = {
			isa = PBXGroup;
			children = (
				F8EC21932F861FEB00A25135 /* SharedStore.swift */,
			);
			path = Widget;
			sourceTree = "<group>";
		};
		F8EC219B2F861FEB00A25135 /* MyPill */ = {
			isa = PBXGroup;
			children = (
				F8EC21722F861FEB00A25135 /* Manager */,
				F8EC21752F861FEB00A25135 /* Model */,
				F8EC21772F861FEB00A25135 /* Settings */,
				F8EC218C2F861FEB00A25135 /* View */,
				F8EC21922F861FEB00A25135 /* ViewModel */,
				F8EC21942F861FEB00A25135 /* Widget */,
				F8EC21952F861FEB00A25135 /* Assets.xcassets */,
				F8EC21962F861FEB00A25135 /* GoogleService-Info.plist */,
				F8EC21972F861FEB00A25135 /* Info.plist */,
				F8EC21982F861FEB00A25135 /* MyPill.entitlements */,
				F8EC21992F861FEB00A25135 /* MyPillApp.swift */,
				F8EC219A2F861FEB00A25135 /* README.md */,
				F8EC216E2F861FEB00A25135 /* Font */,
			);
			path = MyPill;
			sourceTree = "<group>";
		};
		F8EC21C22F86202600A25135 /* MyPillTests */ = {
			isa = PBXGroup;
			children = (
				F8EC21C12F86202600A25135 /* MyPillTests.swift */,
			);
			path = MyPillTests;
			sourceTree = "<group>";
		};
		F8EC21C62F86203E00A25135 /* MyPillUITests */ = {
			isa = PBXGroup;
			children = (
				F8EC21C42F86203E00A25135 /* MyPillUITests.swift */,
				F8EC21C52F86203E00A25135 /* MyPillUITestsLaunchTests.swift */,
			);
			path = MyPillUITests;
			sourceTree = "<group>";
		};
		F8EC21D02F86205900A25135 /* MyPillWidget */ = {
			isa = PBXGroup;
			children = (
				F8EC21C92F86205900A25135 /* AppIntent.swift */,
				F8EC21CA2F86205900A25135 /* Assets.xcassets */,
				F8EC21CC2F86205900A25135 /* MyPillWidget.swift */,
				F8EC21CD2F86205900A25135 /* MyPillWidgetBundle.swift */,
				F8EC21CE2F86205900A25135 /* MyPillWidgetControl.swift */,
				F8EC21CF2F86205900A25135 /* MyPillWidgetLiveActivity.swift */,
			);
			path = MyPillWidget;
			sourceTree = "<group>";
		};
/* End PBXGroup section */

/* Begin PBXNativeTarget section */
		F828E16E2F6A5B7300C95259 /* MyPillWidgetExtension */ = {
			isa = PBXNativeTarget;
			buildConfigurationList = F828E1852F6A5B7500C95259 /* Build configuration list for PBXNativeTarget "MyPillWidgetExtension" */;
			buildPhases = (
				F828E16B2F6A5B7300C95259 /* Sources */,
				F828E16C2F6A5B7300C95259 /* Frameworks */,
				F828E16D2F6A5B7300C95259 /* Resources */,
			);
			buildRules = (
			);
			dependencies = (
			);
			name = MyPillWidgetExtension;
			productName = MyPillWidgetExtension;
			productReference = F828E16F2F6A5B7300C95259 /* MyPillWidgetExtension.appex */;
			productType = "com.apple.product-type.app-extension";
		};
		F8E217AE2E4B59BF002F6C8F /* MyPill */ = {
			isa = PBXNativeTarget;
			buildConfigurationList = F8E217D02E4B59C1002F6C8F /* Build configuration list for PBXNativeTarget "MyPill" */;
			buildPhases = (
				8E80C8FF98DF3E53D5B2E7D9 /* [CP] Check Pods Manifest.lock */,
				F8E217AB2E4B59BF002F6C8F /* Sources */,
				F8E217AC2E4B59BF002F6C8F /* Frameworks */,
				F8E217AD2E4B59BF002F6C8F /* Resources */,
				F828E1892F6A5B7500C95259 /* Embed Foundation Extensions */,
			);
			buildRules = (
			);
			dependencies = (
				F828E1832F6A5B7500C95259 /* PBXTargetDependency */,
			);
			name = MyPill;
			packageProductDependencies = (
				F8E218142E4B60FD002F6C8F /* FirebaseAuth */,
				F8E218162E4B60FD002F6C8F /* FirebaseCore */,
				F8A006F52E53256B008D94DD /* GoogleSignIn */,
				F8A006F72E53256B008D94DD /* GoogleSignInSwift */,
			);
			productName = MyPill;
			productReference = F8E217AF2E4B59BF002F6C8F /* MyPill.app */;
			productType = "com.apple.product-type.application";
		};
		F8E217BB2E4B59C1002F6C8F /* MyPillTests */ = {
			isa = PBXNativeTarget;
			buildConfigurationList = F8E217D32E4B59C1002F6C8F /* Build configuration list for PBXNativeTarget "MyPillTests" */;
			buildPhases = (
				9DB8D4763FA578E9C6CC592F /* [CP] Check Pods Manifest.lock */,
				F8E217B82E4B59C1002F6C8F /* Sources */,
				F8E217B92E4B59C1002F6C8F /* Frameworks */,
				F8E217BA2E4B59C1002F6C8F /* Resources */,
			);
			buildRules = (
			);
			dependencies = (
				F8E217BE2E4B59C1002F6C8F /* PBXTargetDependency */,
			);
			name = MyPillTests;
			productName = MyPillTests;
			productReference = F8E217BC2E4B59C1002F6C8F /* MyPillTests.xctest */;
			productType = "com.apple.product-type.bundle.unit-test";
		};
		F8E217C52E4B59C1002F6C8F /* MyPillUITests */ = {
			isa = PBXNativeTarget;
			buildConfigurationList = F8E217D62E4B59C1002F6C8F /* Build configuration list for PBXNativeTarget "MyPillUITests" */;
			buildPhases = (
				34200F6039758822DA91E6E5 /* [CP] Check Pods Manifest.lock */,
				F8E217C22E4B59C1002F6C8F /* Sources */,
				F8E217C32E4B59C1002F6C8F /* Frameworks */,
				F8E217C42E4B59C1002F6C8F /* Resources */,
			);
			buildRules = (
			);
			dependencies = (
				F8E217C82E4B59C1002F6C8F /* PBXTargetDependency */,
			);
			name = MyPillUITests;
			productName = MyPillUITests;
			productReference = F8E217C62E4B59C1002F6C8F /* MyPillUITests.xctest */;
			productType = "com.apple.product-type.bundle.ui-testing";
		};
/* End PBXNativeTarget section */

/* Begin PBXProject section */
		F8E217A72E4B59BF002F6C8F /* Project object */ = {
			isa = PBXProject;
			attributes = {
				BuildIndependentTargetsInParallel = 1;
				LastSwiftUpdateCheck = 2630;
				LastUpgradeCheck = 2630;
				TargetAttributes = {
					F828E16E2F6A5B7300C95259 = {
						CreatedOnToolsVersion = 26.3;
					};
					F8E217AE2E4B59BF002F6C8F = {
						CreatedOnToolsVersion = 16.4;
					};
					F8E217BB2E4B59C1002F6C8F = {
						CreatedOnToolsVersion = 16.4;
						TestTargetID = F8E217AE2E4B59BF002F6C8F;
					};
					F8E217C52E4B59C1002F6C8F = {
						CreatedOnToolsVersion = 16.4;
						TestTargetID = F8E217AE2E4B59BF002F6C8F;
					};
				};
			};
			buildConfigurationList = F8E217AA2E4B59BF002F6C8F /* Build configuration list for PBXProject "MyPill" */;
			developmentRegion = en;
			hasScannedForEncodings = 0;
			knownRegions = (
				en,
				Base,
			);
			mainGroup = F8E217A62E4B59BF002F6C8F;
			minimizedProjectReferenceProxies = 1;
			packageReferences = (
				F8E218132E4B60FD002F6C8F /* XCRemoteSwiftPackageReference "firebase-ios-sdk" */,
				F8A006B22E531EDA008D94DD /* XCRemoteSwiftPackageReference "GoogleSignIn-iOS" */,
			);
			preferredProjectObjectVersion = 77;
			productRefGroup = F8E217B02E4B59BF002F6C8F /* Products */;
			projectDirPath = "";
			projectRoot = "";
			targets = (
				F8E217AE2E4B59BF002F6C8F /* MyPill */,
				F8E217BB2E4B59C1002F6C8F /* MyPillTests */,
				F8E217C52E4B59C1002F6C8F /* MyPillUITests */,
				F828E16E2F6A5B7300C95259 /* MyPillWidgetExtension */,
			);
		};
/* End PBXProject section */

/* Begin PBXResourcesBuildPhase section */
		F828E16D2F6A5B7300C95259 /* Resources */ = {
			isa = PBXResourcesBuildPhase;
			buildActionMask = 2147483647;
			files = (
				F8EC21D12F86205900A25135 /* Assets.xcassets in Resources */,
			);
			runOnlyForDeploymentPostprocessing = 0;
		};
		F8E217AD2E4B59BF002F6C8F /* Resources */ = {
			isa = PBXResourcesBuildPhase;
			buildActionMask = 2147483647;
			files = (
				F8EC21B82F861FEB00A25135 /* Assets.xcassets in Resources */,
				F8EC21B92F861FEB00A25135 /* BMJUA.ttf in Resources */,
				F8EC21BA2F861FEB00A25135 /* README.md in Resources */,
				F8EC21BB2F861FEB00A25135 /* 나눔손글씨 맛있는체.ttf in Resources */,
				F8EC21BC2F861FEB00A25135 /* Cafe24Dongdong.ttf in Resources */,
				F8EC21BD2F861FEB00A25135 /* GoogleService-Info.plist in Resources */,
				F8EC21BF2F861FEB00A25135 /* 나눔손글씨 꽃내음.ttf in Resources */,
				F8EC21C02F861FEB00A25135 /* BMJA.otf in Resources */,
			);
			runOnlyForDeploymentPostprocessing = 0;
		};
		F8E217BA2E4B59C1002F6C8F /* Resources */ = {
			isa = PBXResourcesBuildPhase;
			buildActionMask = 2147483647;
			files = (
			);
			runOnlyForDeploymentPostprocessing = 0;
		};
		F8E217C42E4B59C1002F6C8F /* Resources */ = {
			isa = PBXResourcesBuildPhase;
			buildActionMask = 2147483647;
			files = (
			);
			runOnlyForDeploymentPostprocessing = 0;
		};
/* End PBXResourcesBuildPhase section */

/* Begin PBXShellScriptBuildPhase section */
		34200F6039758822DA91E6E5 /* [CP] Check Pods Manifest.lock */ = {
			isa = PBXShellScriptBuildPhase;
			buildActionMask = 2147483647;
			files = (
			);
			inputFileListPaths = (
			);
			inputPaths = (
				"${PODS_PODFILE_DIR_PATH}/Podfile.lock",
				"${PODS_ROOT}/Manifest.lock",
			);
			name = "[CP] Check Pods Manifest.lock";
			outputFileListPaths = (
			);
			outputPaths = (
				"$(DERIVED_FILE_DIR)/Pods-MyPill-MyPillUITests-checkManifestLockResult.txt",
			);
			runOnlyForDeploymentPostprocessing = 0;
			shellPath = /bin/sh;
			shellScript = "diff \"${PODS_PODFILE_DIR_PATH}/Podfile.lock\" \"${PODS_ROOT}/Manifest.lock\" > /dev/null\nif [ $? != 0 ] ; then\n    # print error to STDERR\n    echo \"error: The sandbox is not in sync with the Podfile.lock. Run 'pod install' or update your CocoaPods installation.\" >&2\n    exit 1\nfi\n# This output is used by Xcode 'outputs' to avoid re-running this script phase.\necho \"SUCCESS\" > \"${SCRIPT_OUTPUT_FILE_0}\"\n";
			showEnvVarsInLog = 0;
		};
		8E80C8FF98DF3E53D5B2E7D9 /* [CP] Check Pods Manifest.lock */ = {
			isa = PBXShellScriptBuildPhase;
			buildActionMask = 2147483647;
			files = (
			);
			inputFileListPaths = (
			);
			inputPaths = (
				"${PODS_PODFILE_DIR_PATH}/Podfile.lock",
				"${PODS_ROOT}/Manifest.lock",
			);
			name = "[CP] Check Pods Manifest.lock";
			outputFileListPaths = (
			);
			outputPaths = (
				"$(DERIVED_FILE_DIR)/Pods-MyPill-checkManifestLockResult.txt",
			);
			runOnlyForDeploymentPostprocessing = 0;
			shellPath = /bin/sh;
			shellScript = "diff \"${PODS_PODFILE_DIR_PATH}/Podfile.lock\" \"${PODS_ROOT}/Manifest.lock\" > /dev/null\nif [ $? != 0 ] ; then\n    # print error to STDERR\n    echo \"error: The sandbox is not in sync with the Podfile.lock. Run 'pod install' or update your CocoaPods installation.\" >&2\n    exit 1\nfi\n# This output is used by Xcode 'outputs' to avoid re-running this script phase.\necho \"SUCCESS\" > \"${SCRIPT_OUTPUT_FILE_0}\"\n";
			showEnvVarsInLog = 0;
		};
		9DB8D4763FA578E9C6CC592F /* [CP] Check Pods Manifest.lock */ = {
			isa = PBXShellScriptBuildPhase;
			buildActionMask = 2147483647;
			files = (
			);
			inputFileListPaths = (
			);
			inputPaths = (
				"${PODS_PODFILE_DIR_PATH}/Podfile.lock",
				"${PODS_ROOT}/Manifest.lock",
			);
			name = "[CP] Check Pods Manifest.lock";
			outputFileListPaths = (
			);
			outputPaths = (
				"$(DERIVED_FILE_DIR)/Pods-MyPillTests-checkManifestLockResult.txt",
			);
			runOnlyForDeploymentPostprocessing = 0;
			shellPath = /bin/sh;
			shellScript = "diff \"${PODS_PODFILE_DIR_PATH}/Podfile.lock\" \"${PODS_ROOT}/Manifest.lock\" > /dev/null\nif [ $? != 0 ] ; then\n    # print error to STDERR\n    echo \"error: The sandbox is not in sync with the Podfile.lock. Run 'pod install' or update your CocoaPods installation.\" >&2\n    exit 1\nfi\n# This output is used by Xcode 'outputs' to avoid re-running this script phase.\necho \"SUCCESS\" > \"${SCRIPT_OUTPUT_FILE_0}\"\n";
			showEnvVarsInLog = 0;
		};
/* End PBXShellScriptBuildPhase section */

/* Begin PBXSourcesBuildPhase section */
		F828E16B2F6A5B7300C95259 /* Sources */ = {
			isa = PBXSourcesBuildPhase;
			buildActionMask = 2147483647;
			files = (
				F8EC21D32F86205900A25135 /* MyPillWidgetBundle.swift in Sources */,
				F8EC21D42F86205900A25135 /* MyPillWidgetLiveActivity.swift in Sources */,
				F8EC21D52F86205900A25135 /* MyPillWidgetControl.swift in Sources */,
				F8EC21D62F86205900A25135 /* AppIntent.swift in Sources */,
				F8EC21D72F86205900A25135 /* MyPillWidget.swift in Sources */,
			);
			runOnlyForDeploymentPostprocessing = 0;
		};
		F8E217AB2E4B59BF002F6C8F /* Sources */ = {
			isa = PBXSourcesBuildPhase;
			buildActionMask = 2147483647;
			files = (
				F8EC219C2F861FEB00A25135 /* MyDisclosureStyle.swift in Sources */,
				F8EC219D2F861FEB00A25135 /* CalendarViewModel.swift in Sources */,
				F8EC219E2F861FEB00A25135 /* MyPillApp.swift in Sources */,
				F8EC219F2F861FEB00A25135 /* CalendarBody.swift in Sources */,
				F8EC21A02F861FEB00A25135 /* LoginView.swift in Sources */,
				F8EC21A12F861FEB00A25135 /* SchedulesIconView.swift in Sources */,
				F8EC21A22F861FEB00A25135 /* ScheduleDetailView.swift in Sources */,
				F8EC21A32F861FEB00A25135 /* CalendarHeader.swift in Sources */,
				F8EC21A42F861FEB00A25135 /* CalendarView.swift in Sources */,
				F8EC21A52F861FEB00A25135 /* NotificationManager.swift in Sources */,
				F8EC21A62F861FEB00A25135 /* StatsViewModel.swift in Sources */,
				F8EC21A72F861FEB00A25135 /* MainTabView.swift in Sources */,
				F8EC21A82F861FEB00A25135 /* MyMedicine.swift in Sources */,
				F8EC21A92F861FEB00A25135 /* ContentView.swift in Sources */,
				F8EC21AA2F861FEB00A25135 /* SettingsView.swift in Sources */,
				F8EC21AB2F861FEB00A25135 /* AuthViewModel.swift in Sources */,
				F8EC21AC2F861FEB00A25135 /* ColorManager.swift in Sources */,
				F8EC21AD2F861FEB00A25135 /* User.swift in Sources */,
				F8EC21AE2F861FEB00A25135 /* Schedule.swift in Sources */,
				F8EC21AF2F861FEB00A25135 /* TextHeader.swift in Sources */,
				F8EC21B02F861FEB00A25135 /* HomeView.swift in Sources */,
				F8EC21B12F861FEB00A25135 /* CalendarYearMonth.swift in Sources */,
				F8EC21B22F861FEB00A25135 /* SharedStore.swift in Sources */,
				F8EC21B32F861FEB00A25135 /* StatsView.swift in Sources */,
				F8EC21B42F861FEB00A25135 /* GoogleOAuthViewModel.swift in Sources */,
				F8EC21B52F861FEB00A25135 /* SchedulesViewModel.swift in Sources */,
				F8EC21B62F861FEB00A25135 /* ScheduleAddView.swift in Sources */,
				F8EC21B72F861FEB00A25135 /* TimelineView.swift in Sources */,
			);
			runOnlyForDeploymentPostprocessing = 0;
		};
		F8E217B82E4B59C1002F6C8F /* Sources */ = {
			isa = PBXSourcesBuildPhase;
			buildActionMask = 2147483647;
			files = (
				F8EC21C32F86202600A25135 /* MyPillTests.swift in Sources */,
			);
			runOnlyForDeploymentPostprocessing = 0;
		};
		F8E217C22E4B59C1002F6C8F /* Sources */ = {
			isa = PBXSourcesBuildPhase;
			buildActionMask = 2147483647;
			files = (
				F8EC21C72F86203E00A25135 /* MyPillUITestsLaunchTests.swift in Sources */,
				F8EC21C82F86203E00A25135 /* MyPillUITests.swift in Sources */,
			);
			runOnlyForDeploymentPostprocessing = 0;
		};
/* End PBXSourcesBuildPhase section */

/* Begin PBXTargetDependency section */
		F828E1832F6A5B7500C95259 /* PBXTargetDependency */ = {
			isa = PBXTargetDependency;
			target = F828E16E2F6A5B7300C95259 /* MyPillWidgetExtension */;
			targetProxy = F828E1822F6A5B7500C95259 /* PBXContainerItemProxy */;
		};
		F8E217BE2E4B59C1002F6C8F /* PBXTargetDependency */ = {
			isa = PBXTargetDependency;
			target = F8E217AE2E4B59BF002F6C8F /* MyPill */;
			targetProxy = F8E217BD2E4B59C1002F6C8F /* PBXContainerItemProxy */;
		};
		F8E217C82E4B59C1002F6C8F /* PBXTargetDependency */ = {
			isa = PBXTargetDependency;
			target = F8E217AE2E4B59BF002F6C8F /* MyPill */;
			targetProxy = F8E217C72E4B59C1002F6C8F /* PBXContainerItemProxy */;
		};
/* End PBXTargetDependency section */

/* Begin XCBuildConfiguration section */
		F828E1862F6A5B7500C95259 /* Debug */ = {
			isa = XCBuildConfiguration;
			buildSettings = {
				ASSETCATALOG_COMPILER_GLOBAL_ACCENT_COLOR_NAME = AccentColor;
				ASSETCATALOG_COMPILER_WIDGET_BACKGROUND_COLOR_NAME = WidgetBackground;
				CODE_SIGN_ENTITLEMENTS = MyPillWidgetExtension.entitlements;
				CODE_SIGN_STYLE = Automatic;
				CURRENT_PROJECT_VERSION = 1;
				DEVELOPMENT_TEAM = 452H92CGNL;
				GENERATE_INFOPLIST_FILE = YES;
				INFOPLIST_FILE = MyPillWidget/Info.plist;
				INFOPLIST_KEY_CFBundleDisplayName = MyPillWidget;
				INFOPLIST_KEY_NSHumanReadableCopyright = "";
				IPHONEOS_DEPLOYMENT_TARGET = 26.2;
				LD_RUNPATH_SEARCH_PATHS = (
					"$(inherited)",
					"@executable_path/Frameworks",
					"@executable_path/../../Frameworks",
				);
				MARKETING_VERSION = 1.0;
				PRODUCT_BUNDLE_IDENTIFIER = me.younsu.park.MyPill.MyPillWidget;
				PRODUCT_NAME = "$(TARGET_NAME)";
				SKIP_INSTALL = YES;
				STRING_CATALOG_GENERATE_SYMBOLS = YES;
				SWIFT_APPROACHABLE_CONCURRENCY = YES;
				SWIFT_EMIT_LOC_STRINGS = YES;
				SWIFT_UPCOMING_FEATURE_MEMBER_IMPORT_VISIBILITY = YES;
				SWIFT_VERSION = 5.0;
				TARGETED_DEVICE_FAMILY = "1,2";
			};
			name = Debug;
		};
		F828E1872F6A5B7500C95259 /* Release */ = {
			isa = XCBuildConfiguration;
			buildSettings = {
				ASSETCATALOG_COMPILER_GLOBAL_ACCENT_COLOR_NAME = AccentColor;
				ASSETCATALOG_COMPILER_WIDGET_BACKGROUND_COLOR_NAME = WidgetBackground;
				CODE_SIGN_ENTITLEMENTS = MyPillWidgetExtension.entitlements;
				CODE_SIGN_STYLE = Automatic;
				CURRENT_PROJECT_VERSION = 1;
				DEVELOPMENT_TEAM = 452H92CGNL;
				GENERATE_INFOPLIST_FILE = YES;
				INFOPLIST_FILE = MyPillWidget/Info.plist;
				INFOPLIST_KEY_CFBundleDisplayName = MyPillWidget;
				INFOPLIST_KEY_NSHumanReadableCopyright = "";
				IPHONEOS_DEPLOYMENT_TARGET = 26.2;
				LD_RUNPATH_SEARCH_PATHS = (
					"$(inherited)",
					"@executable_path/Frameworks",
					"@executable_path/../../Frameworks",
				);
				MARKETING_VERSION = 1.0;
				PRODUCT_BUNDLE_IDENTIFIER = me.younsu.park.MyPill.MyPillWidget;
				PRODUCT_NAME = "$(TARGET_NAME)";
				SKIP_INSTALL = YES;
				STRING_CATALOG_GENERATE_SYMBOLS = YES;
				SWIFT_APPROACHABLE_CONCURRENCY = YES;
				SWIFT_EMIT_LOC_STRINGS = YES;
				SWIFT_UPCOMING_FEATURE_MEMBER_IMPORT_VISIBILITY = YES;
				SWIFT_VERSION = 5.0;
				TARGETED_DEVICE_FAMILY = "1,2";
			};
			name = Release;
		};
		F8E217CE2E4B59C1002F6C8F /* Debug */ = {
			isa = XCBuildConfiguration;
			buildSettings = {
				ALWAYS_SEARCH_USER_PATHS = NO;
				ASSETCATALOG_COMPILER_GENERATE_SWIFT_ASSET_SYMBOL_EXTENSIONS = YES;
				CLANG_ANALYZER_NONNULL = YES;
				CLANG_ANALYZER_NUMBER_OBJECT_CONVERSION = YES_AGGRESSIVE;
				CLANG_CXX_LANGUAGE_STANDARD = "gnu++20";
				CLANG_ENABLE_MODULES = YES;
				CLANG_ENABLE_OBJC_ARC = YES;
				CLANG_ENABLE_OBJC_WEAK = YES;
				CLANG_WARN_BLOCK_CAPTURE_AUTORELEASING = YES;
				CLANG_WARN_BOOL_CONVERSION = YES;
				CLANG_WARN_COMMA = YES;
				CLANG_WARN_CONSTANT_CONVERSION = YES;
				CLANG_WARN_DEPRECATED_OBJC_IMPLEMENTATIONS = YES;
				CLANG_WARN_DIRECT_OBJC_ISA_USAGE = YES_ERROR;
				CLANG_WARN_DOCUMENTATION_COMMENTS = YES;
				CLANG_WARN_EMPTY_BODY = YES;
				CLANG_WARN_ENUM_CONVERSION = YES;
				CLANG_WARN_INFINITE_RECURSION = YES;
				CLANG_WARN_INT_CONVERSION = YES;
				CLANG_WARN_NON_LITERAL_NULL_CONVERSION = YES;
				CLANG_WARN_OBJC_IMPLICIT_RETAIN_SELF = YES;
				CLANG_WARN_OBJC_LITERAL_CONVERSION = YES;
				CLANG_WARN_OBJC_ROOT_CLASS = YES_ERROR;
				CLANG_WARN_QUOTED_INCLUDE_IN_FRAMEWORK_HEADER = YES;
				CLANG_WARN_RANGE_LOOP_ANALYSIS = YES;
				CLANG_WARN_STRICT_PROTOTYPES = YES;
				CLANG_WARN_SUSPICIOUS_MOVE = YES;
				CLANG_WARN_UNGUARDED_AVAILABILITY = YES_AGGRESSIVE;
				CLANG_WARN_UNREACHABLE_CODE = YES;
				CLANG_WARN__DUPLICATE_METHOD_MATCH = YES;
				COPY_PHASE_STRIP = NO;
				DEBUG_INFORMATION_FORMAT = dwarf;
				ENABLE_STRICT_OBJC_MSGSEND = YES;
				ENABLE_TESTABILITY = YES;
				ENABLE_USER_SCRIPT_SANDBOXING = YES;
				GCC_C_LANGUAGE_STANDARD = gnu17;
				GCC_DYNAMIC_NO_PIC = NO;
				GCC_NO_COMMON_BLOCKS = YES;
				GCC_OPTIMIZATION_LEVEL = 0;
				GCC_PREPROCESSOR_DEFINITIONS = (
					"DEBUG=1",
					"$(inherited)",
				);
				GCC_WARN_64_TO_32_BIT_CONVERSION = YES;
				GCC_WARN_ABOUT_RETURN_TYPE = YES_ERROR;
				GCC_WARN_UNDECLARED_SELECTOR = YES;
				GCC_WARN_UNINITIALIZED_AUTOS = YES_AGGRESSIVE;
				GCC_WARN_UNUSED_FUNCTION = YES;
				GCC_WARN_UNUSED_VARIABLE = YES;
				IPHONEOS_DEPLOYMENT_TARGET = 18.5;
				LOCALIZATION_PREFERS_STRING_CATALOGS = YES;
				MTL_ENABLE_DEBUG_INFO = INCLUDE_SOURCE;
				MTL_FAST_MATH = YES;
				ONLY_ACTIVE_ARCH = YES;
				SDKROOT = iphoneos;
				STRING_CATALOG_GENERATE_SYMBOLS = YES;
				SWIFT_ACTIVE_COMPILATION_CONDITIONS = "DEBUG $(inherited)";
				SWIFT_OPTIMIZATION_LEVEL = "-Onone";
			};
			name = Debug;
		};
		F8E217CF2E4B59C1002F6C8F /* Release */ = {
			isa = XCBuildConfiguration;
			buildSettings = {
				ALWAYS_SEARCH_USER_PATHS = NO;
				ASSETCATALOG_COMPILER_GENERATE_SWIFT_ASSET_SYMBOL_EXTENSIONS = YES;
				CLANG_ANALYZER_NONNULL = YES;
				CLANG_ANALYZER_NUMBER_OBJECT_CONVERSION = YES_AGGRESSIVE;
				CLANG_CXX_LANGUAGE_STANDARD = "gnu++20";
				CLANG_ENABLE_MODULES = YES;
				CLANG_ENABLE_OBJC_ARC = YES;
				CLANG_ENABLE_OBJC_WEAK = YES;
				CLANG_WARN_BLOCK_CAPTURE_AUTORELEASING = YES;
				CLANG_WARN_BOOL_CONVERSION = YES;
				CLANG_WARN_COMMA = YES;
				CLANG_WARN_CONSTANT_CONVERSION = YES;
				CLANG_WARN_DEPRECATED_OBJC_IMPLEMENTATIONS = YES;
				CLANG_WARN_DIRECT_OBJC_ISA_USAGE = YES_ERROR;
				CLANG_WARN_DOCUMENTATION_COMMENTS = YES;
				CLANG_WARN_EMPTY_BODY = YES;
				CLANG_WARN_ENUM_CONVERSION = YES;
				CLANG_WARN_INFINITE_RECURSION = YES;
				CLANG_WARN_INT_CONVERSION = YES;
				CLANG_WARN_NON_LITERAL_NULL_CONVERSION = YES;
				CLANG_WARN_OBJC_IMPLICIT_RETAIN_SELF = YES;
				CLANG_WARN_OBJC_LITERAL_CONVERSION = YES;
				CLANG_WARN_OBJC_ROOT_CLASS = YES_ERROR;
				CLANG_WARN_QUOTED_INCLUDE_IN_FRAMEWORK_HEADER = YES;
				CLANG_WARN_RANGE_LOOP_ANALYSIS = YES;
				CLANG_WARN_STRICT_PROTOTYPES = YES;
				CLANG_WARN_SUSPICIOUS_MOVE = YES;
				CLANG_WARN_UNGUARDED_AVAILABILITY = YES_AGGRESSIVE;
				CLANG_WARN_UNREACHABLE_CODE = YES;
				CLANG_WARN__DUPLICATE_METHOD_MATCH = YES;
				COPY_PHASE_STRIP = NO;
				DEBUG_INFORMATION_FORMAT = "dwarf-with-dsym";
				ENABLE_NS_ASSERTIONS = NO;
				ENABLE_STRICT_OBJC_MSGSEND = YES;
				ENABLE_USER_SCRIPT_SANDBOXING = YES;
				GCC_C_LANGUAGE_STANDARD = gnu17;
				GCC_NO_COMMON_BLOCKS = YES;
				GCC_WARN_64_TO_32_BIT_CONVERSION = YES;
				GCC_WARN_ABOUT_RETURN_TYPE = YES_ERROR;
				GCC_WARN_UNDECLARED_SELECTOR = YES;
				GCC_WARN_UNINITIALIZED_AUTOS = YES_AGGRESSIVE;
				GCC_WARN_UNUSED_FUNCTION = YES;
				GCC_WARN_UNUSED_VARIABLE = YES;
				IPHONEOS_DEPLOYMENT_TARGET = 18.5;
				LOCALIZATION_PREFERS_STRING_CATALOGS = YES;
				MTL_ENABLE_DEBUG_INFO = NO;
				MTL_FAST_MATH = YES;
				SDKROOT = iphoneos;
				STRING_CATALOG_GENERATE_SYMBOLS = YES;
				SWIFT_COMPILATION_MODE = wholemodule;
				VALIDATE_PRODUCT = YES;
			};
			name = Release;
		};
		F8E217D12E4B59C1002F6C8F /* Debug */ = {
			isa = XCBuildConfiguration;
			baseConfigurationReference = 44AD4FE9079059BF37DE9500 /* Pods-MyPill.debug.xcconfig */;
			buildSettings = {
				ASSETCATALOG_COMPILER_APPICON_NAME = AppIcon;
				ASSETCATALOG_COMPILER_GLOBAL_ACCENT_COLOR_NAME = AccentColor;
				CODE_SIGN_ENTITLEMENTS = MyPill/MyPill.entitlements;
				CODE_SIGN_STYLE = Automatic;
				CURRENT_PROJECT_VERSION = 1;
				DEVELOPMENT_TEAM = 452H92CGNL;
				ENABLE_PREVIEWS = YES;
				GENERATE_INFOPLIST_FILE = YES;
				INFOPLIST_FILE = "";
				INFOPLIST_KEY_UIApplicationSceneManifest_Generation = YES;
				INFOPLIST_KEY_UIApplicationSupportsIndirectInputEvents = YES;
				INFOPLIST_KEY_UISupportedInterfaceOrientations_iPad = "UIInterfaceOrientationPortrait UIInterfaceOrientationPortraitUpsideDown UIInterfaceOrientationLandscapeLeft UIInterfaceOrientationLandscapeRight";
				INFOPLIST_KEY_UISupportedInterfaceOrientations_iPhone = "UIInterfaceOrientationPortrait UIInterfaceOrientationLandscapeLeft UIInterfaceOrientationLandscapeRight";
				LD_RUNPATH_SEARCH_PATHS = (
					"$(inherited)",
					"@executable_path/Frameworks",
				);
				MARKETING_VERSION = 1.0;
				PRODUCT_BUNDLE_IDENTIFIER = me.younsu.park.MyPill;
				PRODUCT_NAME = "$(TARGET_NAME)";
				SWIFT_EMIT_LOC_STRINGS = YES;
				SWIFT_VERSION = 5.0;
				TARGETED_DEVICE_FAMILY = "1,2";
			};
			name = Debug;
		};
		F8E217D22E4B59C1002F6C8F /* Release */ = {
			isa = XCBuildConfiguration;
			baseConfigurationReference = FF469DD7343ED20A59AA6B86 /* Pods-MyPill.release.xcconfig */;
			buildSettings = {
				ASSETCATALOG_COMPILER_APPICON_NAME = AppIcon;
				ASSETCATALOG_COMPILER_GLOBAL_ACCENT_COLOR_NAME = AccentColor;
				CODE_SIGN_ENTITLEMENTS = MyPill/MyPill.entitlements;
				CODE_SIGN_STYLE = Automatic;
				CURRENT_PROJECT_VERSION = 1;
				DEVELOPMENT_TEAM = 452H92CGNL;
				ENABLE_PREVIEWS = YES;
				GENERATE_INFOPLIST_FILE = YES;
				INFOPLIST_FILE = "";
				INFOPLIST_KEY_UIApplicationSceneManifest_Generation = YES;
				INFOPLIST_KEY_UIApplicationSupportsIndirectInputEvents = YES;
				INFOPLIST_KEY_UISupportedInterfaceOrientations_iPad = "UIInterfaceOrientationPortrait UIInterfaceOrientationPortraitUpsideDown UIInterfaceOrientationLandscapeLeft UIInterfaceOrientationLandscapeRight";
				INFOPLIST_KEY_UISupportedInterfaceOrientations_iPhone = "UIInterfaceOrientationPortrait UIInterfaceOrientationLandscapeLeft UIInterfaceOrientationLandscapeRight";
				LD_RUNPATH_SEARCH_PATHS = (
					"$(inherited)",
					"@executable_path/Frameworks",
				);
				MARKETING_VERSION = 1.0;
				PRODUCT_BUNDLE_IDENTIFIER = me.younsu.park.MyPill;
				PRODUCT_NAME = "$(TARGET_NAME)";
				SWIFT_EMIT_LOC_STRINGS = YES;
				SWIFT_VERSION = 5.0;
				TARGETED_DEVICE_FAMILY = "1,2";
			};
			name = Release;
		};
		F8E217D42E4B59C1002F6C8F /* Debug */ = {
			isa = XCBuildConfiguration;
			baseConfigurationReference = 69D1FE3042D561AF4485281A /* Pods-MyPillTests.debug.xcconfig */;
			buildSettings = {
				BUNDLE_LOADER = "$(TEST_HOST)";
				CODE_SIGN_STYLE = Automatic;
				CURRENT_PROJECT_VERSION = 1;
				GENERATE_INFOPLIST_FILE = YES;
				IPHONEOS_DEPLOYMENT_TARGET = 18.5;
				MARKETING_VERSION = 1.0;
				PRODUCT_BUNDLE_IDENTIFIER = me.younsu.park.MyPillTests;
				PRODUCT_NAME = "$(TARGET_NAME)";
				SWIFT_EMIT_LOC_STRINGS = NO;
				SWIFT_VERSION = 5.0;
				TARGETED_DEVICE_FAMILY = "1,2";
				TEST_HOST = "$(BUILT_PRODUCTS_DIR)/MyPill.app/$(BUNDLE_EXECUTABLE_FOLDER_PATH)/MyPill";
			};
			name = Debug;
		};
		F8E217D52E4B59C1002F6C8F /* Release */ = {
			isa = XCBuildConfiguration;
			baseConfigurationReference = 87DCA76CCBB99D17D38D76EF /* Pods-MyPillTests.release.xcconfig */;
			buildSettings = {
				BUNDLE_LOADER = "$(TEST_HOST)";
				CODE_SIGN_STYLE = Automatic;
				CURRENT_PROJECT_VERSION = 1;
				GENERATE_INFOPLIST_FILE = YES;
				IPHONEOS_DEPLOYMENT_TARGET = 18.5;
				MARKETING_VERSION = 1.0;
				PRODUCT_BUNDLE_IDENTIFIER = me.younsu.park.MyPillTests;
				PRODUCT_NAME = "$(TARGET_NAME)";
				SWIFT_EMIT_LOC_STRINGS = NO;
				SWIFT_VERSION = 5.0;
				TARGETED_DEVICE_FAMILY = "1,2";
				TEST_HOST = "$(BUILT_PRODUCTS_DIR)/MyPill.app/$(BUNDLE_EXECUTABLE_FOLDER_PATH)/MyPill";
			};
			name = Release;
		};
		F8E217D72E4B59C1002F6C8F /* Debug */ = {
			isa = XCBuildConfiguration;
			baseConfigurationReference = E9A391A133C0848C447A9662 /* Pods-MyPill-MyPillUITests.debug.xcconfig */;
			buildSettings = {
				CODE_SIGN_STYLE = Automatic;
				CURRENT_PROJECT_VERSION = 1;
				GENERATE_INFOPLIST_FILE = YES;
				MARKETING_VERSION = 1.0;
				PRODUCT_BUNDLE_IDENTIFIER = me.younsu.park.MyPillUITests;
				PRODUCT_NAME = "$(TARGET_NAME)";
				SWIFT_EMIT_LOC_STRINGS = NO;
				SWIFT_VERSION = 5.0;
				TARGETED_DEVICE_FAMILY = "1,2";
				TEST_TARGET_NAME = MyPill;
			};
			name = Debug;
		};
		F8E217D82E4B59C1002F6C8F /* Release */ = {
			isa = XCBuildConfiguration;
			baseConfigurationReference = ED571B0A70A85BB3CDDB3E50 /* Pods-MyPill-MyPillUITests.release.xcconfig */;
			buildSettings = {
				CODE_SIGN_STYLE = Automatic;
				CURRENT_PROJECT_VERSION = 1;
				GENERATE_INFOPLIST_FILE = YES;
				MARKETING_VERSION = 1.0;
				PRODUCT_BUNDLE_IDENTIFIER = me.younsu.park.MyPillUITests;
				PRODUCT_NAME = "$(TARGET_NAME)";
				SWIFT_EMIT_LOC_STRINGS = NO;
				SWIFT_VERSION = 5.0;
				TARGETED_DEVICE_FAMILY = "1,2";
				TEST_TARGET_NAME = MyPill;
			};
			name = Release;
		};
/* End XCBuildConfiguration section */

/* Begin XCConfigurationList section */
		F828E1852F6A5B7500C95259 /* Build configuration list for PBXNativeTarget "MyPillWidgetExtension" */ = {
			isa = XCConfigurationList;
			buildConfigurations = (
				F828E1862F6A5B7500C95259 /* Debug */,
				F828E1872F6A5B7500C95259 /* Release */,
			);
			defaultConfigurationIsVisible = 0;
			defaultConfigurationName = Release;
		};
		F8E217AA2E4B59BF002F6C8F /* Build configuration list for PBXProject "MyPill" */ = {
			isa = XCConfigurationList;
			buildConfigurations = (
				F8E217CE2E4B59C1002F6C8F /* Debug */,
				F8E217CF2E4B59C1002F6C8F /* Release */,
			);
			defaultConfigurationIsVisible = 0;
			defaultConfigurationName = Release;
		};
		F8E217D02E4B59C1002F6C8F /* Build configuration list for PBXNativeTarget "MyPill" */ = {
			isa = XCConfigurationList;
			buildConfigurations = (
				F8E217D12E4B59C1002F6C8F /* Debug */,
				F8E217D22E4B59C1002F6C8F /* Release */,
			);
			defaultConfigurationIsVisible = 0;
			defaultConfigurationName = Release;
		};
		F8E217D32E4B59C1002F6C8F /* Build configuration list for PBXNativeTarget "MyPillTests" */ = {
			isa = XCConfigurationList;
			buildConfigurations = (
				F8E217D42E4B59C1002F6C8F /* Debug */,
				F8E217D52E4B59C1002F6C8F /* Release */,
			);
			defaultConfigurationIsVisible = 0;
			defaultConfigurationName = Release;
		};
		F8E217D62E4B59C1002F6C8F /* Build configuration list for PBXNativeTarget "MyPillUITests" */ = {
			isa = XCConfigurationList;
			buildConfigurations = (
				F8E217D72E4B59C1002F6C8F /* Debug */,
				F8E217D82E4B59C1002F6C8F /* Release */,
			);
			defaultConfigurationIsVisible = 0;
			defaultConfigurationName = Release;
		};
/* End XCConfigurationList section */

/* Begin XCRemoteSwiftPackageReference section */
		F8A006B22E531EDA008D94DD /* XCRemoteSwiftPackageReference "GoogleSignIn-iOS" */ = {
			isa = XCRemoteSwiftPackageReference;
			repositoryURL = "https://github.com/google/GoogleSignIn-iOS";
			requirement = {
				kind = upToNextMajorVersion;
				minimumVersion = 9.0.0;
			};
		};
		F8E218132E4B60FD002F6C8F /* XCRemoteSwiftPackageReference "firebase-ios-sdk" */ = {
			isa = XCRemoteSwiftPackageReference;
			repositoryURL = "https://github.com/firebase/firebase-ios-sdk";
			requirement = {
				kind = upToNextMajorVersion;
				minimumVersion = 12.1.0;
			};
		};
/* End XCRemoteSwiftPackageReference section */

/* Begin XCSwiftPackageProductDependency section */
		F8A006F52E53256B008D94DD /* GoogleSignIn */ = {
			isa = XCSwiftPackageProductDependency;
			package = F8A006B22E531EDA008D94DD /* XCRemoteSwiftPackageReference "GoogleSignIn-iOS" */;
			productName = GoogleSignIn;
		};
		F8A006F72E53256B008D94DD /* GoogleSignInSwift */ = {
			isa = XCSwiftPackageProductDependency;
			package = F8A006B22E531EDA008D94DD /* XCRemoteSwiftPackageReference "GoogleSignIn-iOS" */;
			productName = GoogleSignInSwift;
		};
		F8E218142E4B60FD002F6C8F /* FirebaseAuth */ = {
			isa = XCSwiftPackageProductDependency;
			package = F8E218132E4B60FD002F6C8F /* XCRemoteSwiftPackageReference "firebase-ios-sdk" */;
			productName = FirebaseAuth;
		};
		F8E218162E4B60FD002F6C8F /* FirebaseCore */ = {
			isa = XCSwiftPackageProductDependency;
			package = F8E218132E4B60FD002F6C8F /* XCRemoteSwiftPackageReference "firebase-ios-sdk" */;
			productName = FirebaseCore;
		};
/* End XCSwiftPackageProductDependency section */
	};
	rootObject = F8E217A72E4B59BF002F6C8F /* Project object */;
}
